{
  "object": {
    "pins": [
      {
        "package": "PayUIndia-Analytics",
        "repositoryURL": "https://github.com/payu-intrepos/PayUAnalytics-iOS",
        "state": {
          "branch": null,
          "revision": "dbc0a665638f47f1b4a6b7baa3aab972f68c2967",
          "version": "3.0.1"
        }
      },
      {
        "package": "PayUIndia-CommonUI",
        "repositoryURL": "https://github.com/payu-intrepos/PayUCommonUI-iOS",
        "state": {
          "branch": null,
          "revision": "494e2f640cd285c63fbe783740ce6951ba5bd124",
          "version": "1.2.1"
        }
      }
    ]
  },
  "version": 1
}
